// !$*UTF8*$!
{
	archiveVersion = 1;
	classes = {
	};
	objectVersion = 48;
	objects = {

/* Begin PBXBuildFile section */
		46E73C0A003B02F6347866EB /* Pods_TestCSV.framework in Frameworks */ = {isa = PBXBuildFile; fileRef = A16C4C2C28A2FD3520B10D78 /* Pods_TestCSV.framework */; };
		614CBAF3208DC7CB003CF962 /* CSV.xcdatamodeld in Sources */ = {isa = PBXBuildFile; fileRef = 614CBAF1208DC7CB003CF962 /* CSV.xcdatamodeld */; };
		F2477522208D07C80016176A /* AppDelegate.swift in Sources */ = {isa = PBXBuildFile; fileRef = F2477521208D07C80016176A /* AppDelegate.swift */; };
		F2477524208D07C80016176A /* ViewController.swift in Sources */ = {isa = PBXBuildFile; fileRef = F2477523208D07C80016176A /* ViewController.swift */; };
		F2477526208D07C80016176A /* Assets.xcassets in Resources */ = {isa = PBXBuildFile; fileRef = F2477525208D07C80016176A /* Assets.xcassets */; };
		F2477529208D07C80016176A /* Main.storyboard in Resources */ = {isa = PBXBuildFile; fileRef = F2477527208D07C80016176A /* Main.storyboard */; };
		F2796ADF208D13F0003D0E88 /* DBManager.swift in Sources */ = {isa = PBXBuildFile; fileRef = F2796ADE208D13F0003D0E88 /* DBManager.swift */; };
/* End PBXBuildFile section */

/* Begin PBXFileReference section */
		614CBAF2208DC7CB003CF962 /* CSV.xcdatamodel */ = {isa = PBXFileReference; lastKnownFileType = wrapper.xcdatamodel; path = CSV.xcdatamodel; sourceTree = "<group>"; };
		614CBAF8208DFAE1003CF962 /* CSV 2.xcdatamodel */ = {isa = PBXFileReference; lastKnownFileType = wrapper.xcdatamodel; path = "CSV 2.xcdatamodel"; sourceTree = "<group>"; };
		A16C4C2C28A2FD3520B10D78 /* Pods_TestCSV.framework */ = {isa = PBXFileReference; explicitFileType = wrapper.framework; includeInIndex = 0; path = Pods_TestCSV.framework; sourceTree = BUILT_PRODUCTS_DIR; };
		DE24801AFF03FBA31BE88F82 /* Pods-TestCSV.debug.xcconfig */ = {isa = PBXFileReference; includeInIndex = 1; lastKnownFileType = text.xcconfig; name = "Pods-TestCSV.debug.xcconfig"; path = "Pods/Target Support Files/Pods-TestCSV/Pods-TestCSV.debug.xcconfig"; sourceTree = "<group>"; };
		E760A0F9ED78EF464D13F13F /* Pods-TestCSV.release.xcconfig */ = {isa = PBXFileReference; includeInIndex = 1; lastKnownFileType = text.xcconfig; name = "Pods-TestCSV.release.xcconfig"; path = "Pods/Target Support Files/Pods-TestCSV/Pods-TestCSV.release.xcconfig"; sourceTree = "<group>"; };
		F247751E208D07C80016176A /* TestCSV.app */ = {isa = PBXFileReference; explicitFileType = wrapper.application; includeInIndex = 0; path = TestCSV.app; sourceTree = BUILT_PRODUCTS_DIR; };
		F2477521208D07C80016176A /* AppDelegate.swift */ = {isa = PBXFileReference; lastKnownFileType = sourcecode.swift; path = AppDelegate.swift; sourceTree = "<group>"; };
		F2477523208D07C80016176A /* ViewController.swift */ = {isa = PBXFileReference; lastKnownFileType = sourcecode.swift; path = ViewController.swift; sourceTree = "<group>"; };
		F2477525208D07C80016176A /* Assets.xcassets */ = {isa = PBXFileReference; lastKnownFileType = folder.assetcatalog; path = Assets.xcassets; sourceTree = "<group>"; };
		F2477528208D07C80016176A /* Base */ = {isa = PBXFileReference; lastKnownFileType = file.storyboard; name = Base; path = Base.lproj/Main.storyboard; sourceTree = "<group>"; };
		F247752A208D07C80016176A /* Info.plist */ = {isa = PBXFileReference; lastKnownFileType = text.plist.xml; path = Info.plist; sourceTree = "<group>"; };
		F247752B208D07C80016176A /* TestCSV.entitlements */ = {isa = PBXFileReference; lastKnownFileType = text.plist.entitlements; path = TestCSV.entitlements; sourceTree = "<group>"; };
		F2796ADE208D13F0003D0E88 /* DBManager.swift */ = {isa = PBXFileReference; lastKnownFileType = sourcecode.swift; path = DBManager.swift; sourceTree = "<group>"; };
/* End PBXFileReference section */

/* Begin PBXFrameworksBuildPhase section */
		F247751B208D07C80016176A /* Frameworks */ = {
			isa = PBXFrameworksBuildPhase;
			buildActionMask = 2147483647;
			files = (
				46E73C0A003B02F6347866EB /* Pods_TestCSV.framework in Frameworks */,
			);
			runOnlyForDeploymentPostprocessing = 0;
		};
/* End PBXFrameworksBuildPhase section */

/* Begin PBXGroup section */
		059DD09C7A13BC577675D0D9 /* Pods */ = {
			isa = PBXGroup;
			children = (
				DE24801AFF03FBA31BE88F82 /* Pods-TestCSV.debug.xcconfig */,
				E760A0F9ED78EF464D13F13F /* Pods-TestCSV.release.xcconfig */,
			);
			name = Pods;
			sourceTree = "<group>";
		};
		E7390E7812836D37FC63B173 /* Frameworks */ = {
			isa = PBXGroup;
			children = (
				A16C4C2C28A2FD3520B10D78 /* Pods_TestCSV.framework */,
			);
			name = Frameworks;
			sourceTree = "<group>";
		};
		F2477515208D07C80016176A = {
			isa = PBXGroup;
			children = (
				F2477520208D07C80016176A /* TestCSV */,
				F247751F208D07C80016176A /* Products */,
				059DD09C7A13BC577675D0D9 /* Pods */,
				E7390E7812836D37FC63B173 /* Frameworks */,
			);
			sourceTree = "<group>";
		};
		F247751F208D07C80016176A /* Products */ = {
			isa = PBXGroup;
			children = (
				F247751E208D07C80016176A /* TestCSV.app */,
			);
			name = Products;
			sourceTree = "<group>";
		};
		F2477520208D07C80016176A /* TestCSV */ = {
			isa = PBXGroup;
			children = (
				F2477521208D07C80016176A /* AppDelegate.swift */,
				F2477523208D07C80016176A /* ViewController.swift */,
				F2796AD7208D139C003D0E88 /* Files */,
				F2477525208D07C80016176A /* Assets.xcassets */,
				F2477527208D07C80016176A /* Main.storyboard */,
				F2796ADE208D13F0003D0E88 /* DBManager.swift */,
				614CBAF1208DC7CB003CF962 /* CSV.xcdatamodeld */,
				F247752A208D07C80016176A /* Info.plist */,
				F247752B208D07C80016176A /* TestCSV.entitlements */,
			);
			path = TestCSV;
			sourceTree = "<group>";
		};
		F2796AD7208D139C003D0E88 /* Files */ = {
			isa = PBXGroup;
			children = (
			);
			path = Files;
			sourceTree = "<group>";
		};
/* End PBXGroup section */

/* Begin PBXNativeTarget section */
		F247751D208D07C80016176A /* TestCSV */ = {
			isa = PBXNativeTarget;
			buildConfigurationList = F247752E208D07C80016176A /* Build configuration list for PBXNativeTarget "TestCSV" */;
			buildPhases = (
				88844236647072642D38EA60 /* [CP] Check Pods Manifest.lock */,
				F247751A208D07C80016176A /* Sources */,
				F247751B208D07C80016176A /* Frameworks */,
				F247751C208D07C80016176A /* Resources */,
				F16840BE865859364A3960C3 /* [CP] Embed Pods Frameworks */,
			);
			buildRules = (
			);
			dependencies = (
			);
			name = TestCSV;
			productName = TestCSV;
			productReference = F247751E208D07C80016176A /* TestCSV.app */;
			productType = "com.apple.product-type.application";
		};
/* End PBXNativeTarget section */

/* Begin PBXProject section */
		F2477516208D07C80016176A /* Project object */ = {
			isa = PBXProject;
			attributes = {
				LastSwiftUpdateCheck = 0920;
				LastUpgradeCheck = 0930;
				ORGANIZATIONNAME = "Vitalii Cherepakha";
				TargetAttributes = {
					F247751D208D07C80016176A = {
						CreatedOnToolsVersion = 9.2;
						ProvisioningStyle = Automatic;
					};
				};
			};
			buildConfigurationList = F2477519208D07C80016176A /* Build configuration list for PBXProject "TestCSV" */;
			compatibilityVersion = "Xcode 8.0";
			developmentRegion = en;
			hasScannedForEncodings = 0;
			knownRegions = (
				en,
				Base,
			);
			mainGroup = F2477515208D07C80016176A;
			productRefGroup = F247751F208D07C80016176A /* Products */;
			projectDirPath = "";
			projectRoot = "";
			targets = (
				F247751D208D07C80016176A /* TestCSV */,
			);
		};
/* End PBXProject section */

/* Begin PBXResourcesBuildPhase section */
		F247751C208D07C80016176A /* Resources */ = {
			isa = PBXResourcesBuildPhase;
			buildActionMask = 2147483647;
			files = (
				F2477526208D07C80016176A /* Assets.xcassets in Resources */,
				F2477529208D07C80016176A /* Main.storyboard in Resources */,
			);
			runOnlyForDeploymentPostprocessing = 0;
		};
/* End PBXResourcesBuildPhase section */

/* Begin PBXShellScriptBuildPhase section */
		88844236647072642D38EA60 /* [CP] Check Pods Manifest.lock */ = {
			isa = PBXShellScriptBuildPhase;
			buildActionMask = 2147483647;
			files = (
			);
			inputPaths = (
				"${PODS_PODFILE_DIR_PATH}/Podfile.lock",
				"${PODS_ROOT}/Manifest.lock",
			);
			name = "[CP] Check Pods Manifest.lock";
			outputPaths = (
				"$(DERIVED_FILE_DIR)/Pods-TestCSV-checkManifestLockResult.txt",
			);
			runOnlyForDeploymentPostprocessing = 0;
			shellPath = /bin/sh;
			shellScript = "diff \"${PODS_PODFILE_DIR_PATH}/Podfile.lock\" \"${PODS_ROOT}/Manifest.lock\" > /dev/null\nif [ $? != 0 ] ; then\n    # print error to STDERR\n    echo \"error: The sandbox is not in sync with the Podfile.lock. Run 'pod install' or update your CocoaPods installation.\" >&2\n    exit 1\nfi\n# This output is used by Xcode 'outputs' to avoid re-running this script phase.\necho \"SUCCESS\" > \"${SCRIPT_OUTPUT_FILE_0}\"\n";
			showEnvVarsInLog = 0;
		};
		F16840BE865859364A3960C3 /* [CP] Embed Pods Frameworks */ = {
			isa = PBXShellScriptBuildPhase;
			buildActionMask = 2147483647;
			files = (
			);
			inputPaths = (
				"${SRCROOT}/Pods/Target Support Files/Pods-TestCSV/Pods-TestCSV-frameworks.sh",
				"${BUILT_PRODUCTS_DIR}/CSV.swift/CSV.framework",
				"${BUILT_PRODUCTS_DIR}/MagicalRecord/MagicalRecord.framework",
			);
			name = "[CP] Embed Pods Frameworks";
			outputPaths = (
				"${TARGET_BUILD_DIR}/${FRAMEWORKS_FOLDER_PATH}/CSV.framework",
				"${TARGET_BUILD_DIR}/${FRAMEWORKS_FOLDER_PATH}/MagicalRecord.framework",
			);
			runOnlyForDeploymentPostprocessing = 0;
			shellPath = /bin/sh;
			shellScript = "\"${SRCROOT}/Pods/Target Support Files/Pods-TestCSV/Pods-TestCSV-frameworks.sh\"\n";
			showEnvVarsInLog = 0;
		};
/* End PBXShellScriptBuildPhase section */

/* Begin PBXSourcesBuildPhase section */
		F247751A208D07C80016176A /* Sources */ = {
			isa = PBXSourcesBuildPhase;
			buildActionMask = 2147483647;
			files = (
				614CBAF3208DC7CB003CF962 /* CSV.xcdatamodeld in Sources */,
				F2477524208D07C80016176A /* ViewController.swift in Sources */,
				F2796ADF208D13F0003D0E88 /* DBManager.swift in Sources */,
				F2477522208D07C80016176A /* AppDelegate.swift in Sources */,
			);
			runOnlyForDeploymentPostprocessing = 0;
		};
/* End PBXSourcesBuildPhase section */

/* Begin PBXVariantGroup section */
		F2477527208D07C80016176A /* Main.storyboard */ = {
			isa = PBXVariantGroup;
			children = (
				F2477528208D07C80016176A /* Base */,
			);
			name = Main.storyboard;
			sourceTree = "<group>";
		};
/* End PBXVariantGroup section */

/* Begin XCBuildConfiguration section */
		F247752C208D07C80016176A /* Debug */ = {
			isa = XCBuildConfiguration;
			buildSettings = {
				ALWAYS_SEARCH_USER_PATHS = NO;
				CLANG_ANALYZER_NONNULL = YES;
				CLANG_ANALYZER_NUMBER_OBJECT_CONVERSION = YES_AGGRESSIVE;
				CLANG_CXX_LANGUAGE_STANDARD = "gnu++14";
				CLANG_CXX_LIBRARY = "libc++";
				CLANG_ENABLE_MODULES = YES;
				CLANG_ENABLE_OBJC_ARC = YES;
				CLANG_WARN_BLOCK_CAPTURE_AUTORELEASING = YES;
				CLANG_WARN_BOOL_CONVERSION = YES;
				CLANG_WARN_COMMA = YES;
				CLANG_WARN_CONSTANT_CONVERSION = YES;
				CLANG_WARN_DEPRECATED_OBJC_IMPLEMENTATIONS = YES;
				CLANG_WARN_DIRECT_OBJC_ISA_USAGE = YES_ERROR;
				CLANG_WARN_DOCUMENTATION_COMMENTS = YES;
				CLANG_WARN_EMPTY_BODY = YES;
				CLANG_WARN_ENUM_CONVERSION = YES;
				CLANG_WARN_INFINITE_RECURSION = YES;
				CLANG_WARN_INT_CONVERSION = YES;
				CLANG_WARN_NON_LITERAL_NULL_CONVERSION = YES;
				CLANG_WARN_OBJC_IMPLICIT_RETAIN_SELF = YES;
				CLANG_WARN_OBJC_LITERAL_CONVERSION = YES;
				CLANG_WARN_OBJC_ROOT_CLASS = YES_ERROR;
				CLANG_WARN_RANGE_LOOP_ANALYSIS = YES;
				CLANG_WARN_STRICT_PROTOTYPES = YES;
				CLANG_WARN_SUSPICIOUS_MOVE = YES;
				CLANG_WARN_UNGUARDED_AVAILABILITY = YES_AGGRESSIVE;
				CLANG_WARN_UNREACHABLE_CODE = YES;
				CLANG_WARN__DUPLICATE_METHOD_MATCH = YES;
				CODE_SIGN_IDENTITY = "Mac Developer";
				COPY_PHASE_STRIP = NO;
				DEBUG_INFORMATION_FORMAT = dwarf;
				ENABLE_STRICT_OBJC_MSGSEND = YES;
				ENABLE_TESTABILITY = YES;
				GCC_C_LANGUAGE_STANDARD = gnu11;
				GCC_DYNAMIC_NO_PIC = NO;
				GCC_NO_COMMON_BLOCKS = YES;
				GCC_OPTIMIZATION_LEVEL = 0;
				GCC_PREPROCESSOR_DEFINITIONS = (
					"DEBUG=1",
					"$(inherited)",
				);
				GCC_WARN_64_TO_32_BIT_CONVERSION = YES;
				GCC_WARN_ABOUT_RETURN_TYPE = YES_ERROR;
				GCC_WARN_UNDECLARED_SELECTOR = YES;
				GCC_WARN_UNINITIALIZED_AUTOS = YES_AGGRESSIVE;
				GCC_WARN_UNUSED_FUNCTION = YES;
				GCC_WARN_UNUSED_VARIABLE = YES;
				MACOSX_DEPLOYMENT_TARGET = 10.13;
				MTL_ENABLE_DEBUG_INFO = YES;
				ONLY_ACTIVE_ARCH = YES;
				SDKROOT = macosx;
				SWIFT_ACTIVE_COMPILATION_CONDITIONS = DEBUG;
				SWIFT_OPTIMIZATION_LEVEL = "-Onone";
			};
			name = Debug;
		};
		F247752D208D07C80016176A /* Release */ = {
			isa = XCBuildConfiguration;
			buildSettings = {
				ALWAYS_SEARCH_USER_PATHS = NO;
				CLANG_ANALYZER_NONNULL = YES;
				CLANG_ANALYZER_NUMBER_OBJECT_CONVERSION = YES_AGGRESSIVE;
				CLANG_CXX_LANGUAGE_STANDARD = "gnu++14";
				CLANG_CXX_LIBRARY = "libc++";
				CLANG_ENABLE_MODULES = YES;
				CLANG_ENABLE_OBJC_ARC = YES;
				CLANG_WARN_BLOCK_CAPTURE_AUTORELEASING = YES;
				CLANG_WARN_BOOL_CONVERSION = YES;
				CLANG_WARN_COMMA = YES;
				CLANG_WARN_CONSTANT_CONVERSION = YES;
				CLANG_WARN_DEPRECATED_OBJC_IMPLEMENTATIONS = YES;
				CLANG_WARN_DIRECT_OBJC_ISA_USAGE = YES_ERROR;
				CLANG_WARN_DOCUMENTATION_COMMENTS = YES;
				CLANG_WARN_EMPTY_BODY = YES;
				CLANG_WARN_ENUM_CONVERSION = YES;
				CLANG_WARN_INFINITE_RECURSION = YES;
				CLANG_WARN_INT_CONVERSION = YES;
				CLANG_WARN_NON_LITERAL_NULL_CONVERSION = YES;
				CLANG_WARN_OBJC_IMPLICIT_RETAIN_SELF = YES;
				CLANG_WARN_OBJC_LITERAL_CONVERSION = YES;
				CLANG_WARN_OBJC_ROOT_CLASS = YES_ERROR;
				CLANG_WARN_RANGE_LOOP_ANALYSIS = YES;
				CLANG_WARN_STRICT_PROTOTYPES = YES;
				CLANG_WARN_SUSPICIOUS_MOVE = YES;
				CLANG_WARN_UNGUARDED_AVAILABILITY = YES_AGGRESSIVE;
				CLANG_WARN_UNREACHABLE_CODE = YES;
				CLANG_WARN__DUPLICATE_METHOD_MATCH = YES;
				CODE_SIGN_IDENTITY = "Mac Developer";
				COPY_PHASE_STRIP = NO;
				DEBUG_INFORMATION_FORMAT = "dwarf-with-dsym";
				ENABLE_NS_ASSERTIONS = NO;
				ENABLE_STRICT_OBJC_MSGSEND = YES;
				GCC_C_LANGUAGE_STANDARD = gnu11;
				GCC_NO_COMMON_BLOCKS = YES;
				GCC_WARN_64_TO_32_BIT_CONVERSION = YES;
				GCC_WARN_ABOUT_RETURN_TYPE = YES_ERROR;
				GCC_WARN_UNDECLARED_SELECTOR = YES;
				GCC_WARN_UNINITIALIZED_AUTOS = YES_AGGRESSIVE;
				GCC_WARN_UNUSED_FUNCTION = YES;
				GCC_WARN_UNUSED_VARIABLE = YES;
				MACOSX_DEPLOYMENT_TARGET = 10.13;
				MTL_ENABLE_DEBUG_INFO = NO;
				SDKROOT = macosx;
				SWIFT_OPTIMIZATION_LEVEL = "-Owholemodule";
			};
			name = Release;
		};
		F247752F208D07C80016176A /* Debug */ = {
			isa = XCBuildConfiguration;
			baseConfigurationReference = DE24801AFF03FBA31BE88F82 /* Pods-TestCSV.debug.xcconfig */;
			buildSettings = {
				ASSETCATALOG_COMPILER_APPICON_NAME = AppIcon;
				CODE_SIGN_ENTITLEMENTS = TestCSV/TestCSV.entitlements;
				CODE_SIGN_STYLE = Automatic;
				COMBINE_HIDPI_IMAGES = YES;
				DEVELOPMENT_TEAM = R7S3736TUY;
				INFOPLIST_FILE = TestCSV/Info.plist;
				LD_RUNPATH_SEARCH_PATHS = "$(inherited) @executable_path/../Frameworks";
				PRODUCT_BUNDLE_IDENTIFIER = chevit.TestCSV;
				PRODUCT_NAME = "$(TARGET_NAME)";
				SWIFT_VERSION = 4.0;
			};
			name = Debug;
		};
		F2477530208D07C80016176A /* Release */ = {
			isa = XCBuildConfiguration;
			baseConfigurationReference = E760A0F9ED78EF464D13F13F /* Pods-TestCSV.release.xcconfig */;
			buildSettings = {
				ASSETCATALOG_COMPILER_APPICON_NAME = AppIcon;
				CODE_SIGN_ENTITLEMENTS = TestCSV/TestCSV.entitlements;
				CODE_SIGN_STYLE = Automatic;
				COMBINE_HIDPI_IMAGES = YES;
				DEVELOPMENT_TEAM = R7S3736TUY;
				INFOPLIST_FILE = TestCSV/Info.plist;
				LD_RUNPATH_SEARCH_PATHS = "$(inherited) @executable_path/../Frameworks";
				PRODUCT_BUNDLE_IDENTIFIER = chevit.TestCSV;
				PRODUCT_NAME = "$(TARGET_NAME)";
				SWIFT_VERSION = 4.0;
			};
			name = Release;
		};
/* End XCBuildConfiguration section */

/* Begin XCConfigurationList section */
		F2477519208D07C80016176A /* Build configuration list for PBXProject "TestCSV" */ = {
			isa = XCConfigurationList;
			buildConfigurations = (
				F247752C208D07C80016176A /* Debug */,
				F247752D208D07C80016176A /* Release */,
			);
			defaultConfigurationIsVisible = 0;
			defaultConfigurationName = Release;
		};
		F247752E208D07C80016176A /* Build configuration list for PBXNativeTarget "TestCSV" */ = {
			isa = XCConfigurationList;
			buildConfigurations = (
				F247752F208D07C80016176A /* Debug */,
				F2477530208D07C80016176A /* Release */,
			);
			defaultConfigurationIsVisible = 0;
			defaultConfigurationName = Release;
		};
/* End XCConfigurationList section */

/* Begin XCVersionGroup section */
		614CBAF1208DC7CB003CF962 /* CSV.xcdatamodeld */ = {
			isa = XCVersionGroup;
			children = (
				614CBAF8208DFAE1003CF962 /* CSV 2.xcdatamodel */,
				614CBAF2208DC7CB003CF962 /* CSV.xcdatamodel */,
			);
			currentVersion = 614CBAF8208DFAE1003CF962 /* CSV 2.xcdatamodel */;
			path = CSV.xcdatamodeld;
			sourceTree = "<group>";
			versionGroupType = wrapper.xcdatamodel;
		};
/* End XCVersionGroup section */
	};
	rootObject = F2477516208D07C80016176A /* Project object */;
}
